
Microsoft Visual Studio Solution File, Format Version 11.00
# Visual Studio 2010
Project("{FAE04EC0-301F-11D3-BF4B-00C04F79EFBC}") = "Assembly-CSharp", "Assembly-CSharp.csproj", "{e837b03f-7732-f635-b7e4-bf995b09c07d}"
EndProject
Project("{FAE04EC0-301F-11D3-BF4B-00C04F79EFBC}") = "Assembly-CSharp-Editor", "Assembly-CSharp-Editor.csproj", "{8643c90e-8549-9b27-e550-baae594a24a5}"
EndProject
Global
	GlobalSection(SolutionConfigurationPlatforms) = preSolution
		Debug|Any CPU = Debug|Any CPU
	EndGlobalSection
	GlobalSection(ProjectConfigurationPlatforms) = postSolution
		{e837b03f-7732-f635-b7e4-bf995b09c07d}.Debug|Any CPU.ActiveCfg = Debug|Any CPU
		{e837b03f-7732-f635-b7e4-bf995b09c07d}.Debug|Any CPU.Build.0 = Debug|Any CPU
		{8643c90e-8549-9b27-e550-baae594a24a5}.Debug|Any CPU.ActiveCfg = Debug|Any CPU
		{8643c90e-8549-9b27-e550-baae594a24a5}.Debug|Any CPU.Build.0 = Debug|Any CPU
	EndGlobalSection
	GlobalSection(SolutionProperties) = preSolution
		HideSolutionNode = FALSE
	EndGlobalSection
EndGlobal
