
Microsoft Visual Studio Solution File, Format Version 11.00
# Visual Studio 2010
Project("{FAE04EC0-301F-11D3-BF4B-00C04F79EFBC}") = "Unity.Timeline", "Unity.Timeline.csproj", "{90e52091-6c09-3f46-481c-400467e977bc}"
EndProject
Project("{FAE04EC0-301F-11D3-BF4B-00C04F79EFBC}") = "Unity.Timeline.Editor", "Unity.Timeline.Editor.csproj", "{71ca8b05-83cd-4590-fa98-755947d002a3}"
EndProject
Project("{FAE04EC0-301F-11D3-BF4B-00C04F79EFBC}") = "Unity.TextMeshPro.Editor", "Unity.TextMeshPro.Editor.csproj", "{42ab35c9-fd5b-061c-83b4-8ae8f639155f}"
EndProject
Project("{FAE04EC0-301F-11D3-BF4B-00C04F79EFBC}") = "Unity.VisualScripting.Flow", "Unity.VisualScripting.Flow.csproj", "{99db7c0f-b525-0edb-7e09-8d38dc065e4c}"
EndProject
Project("{FAE04EC0-301F-11D3-BF4B-00C04F79EFBC}") = "Assembly-CSharp", "Assembly-CSharp.csproj", "{e837b03f-7732-f635-b7e4-bf995b09c07d}"
EndProject
Project("{FAE04EC0-301F-11D3-BF4B-00C04F79EFBC}") = "Unity.PlasticSCM.Editor", "Unity.PlasticSCM.Editor.csproj", "{e6b8804e-8d08-5874-ae5c-0628248a05d6}"
EndProject
Project("{FAE04EC0-301F-11D3-BF4B-00C04F79EFBC}") = "Unity.VisualScripting.Core", "Unity.VisualScripting.Core.csproj", "{4ed4b4f0-d739-8a0b-7ed0-f42fdbf6316b}"
EndProject
Project("{FAE04EC0-301F-11D3-BF4B-00C04F79EFBC}") = "Unity.Mathematics", "Unity.Mathematics.csproj", "{426b36c9-df70-3d9e-1a77-20f99379dee7}"
EndProject
Project("{FAE04EC0-301F-11D3-BF4B-00C04F79EFBC}") = "Unity.VisualScripting.Core.Editor", "Unity.VisualScripting.Core.Editor.csproj", "{2b0cf589-a3f9-5bbb-af8b-47eabfaa8d5c}"
EndProject
Project("{FAE04EC0-301F-11D3-BF4B-00C04F79EFBC}") = "Unity.VisualScripting.Flow.Editor", "Unity.VisualScripting.Flow.Editor.csproj", "{f37c8201-a590-eb67-dfa2-1632471025af}"
EndProject
Project("{FAE04EC0-301F-11D3-BF4B-00C04F79EFBC}") = "UnityEditor.TestRunner", "UnityEditor.TestRunner.csproj", "{572569d5-1a4f-3279-28a0-ee6c5b62aa54}"
EndProject
Project("{FAE04EC0-301F-11D3-BF4B-00C04F79EFBC}") = "Unity.VisualScripting.SettingsProvider.Editor", "Unity.VisualScripting.SettingsProvider.Editor.csproj", "{160a0a16-a7ab-3ec3-41d5-d018fa2b8467}"
EndProject
Project("{FAE04EC0-301F-11D3-BF4B-00C04F79EFBC}") = "UnityEngine.TestRunner", "UnityEngine.TestRunner.csproj", "{88a0e9b5-6571-4b6d-508a-af640b4d5409}"
EndProject
Project("{FAE04EC0-301F-11D3-BF4B-00C04F79EFBC}") = "Unity.Searcher.Editor", "Unity.Searcher.Editor.csproj", "{ea3b14c0-ccfe-be02-038e-e7fb3b92f47d}"
EndProject
Project("{FAE04EC0-301F-11D3-BF4B-00C04F79EFBC}") = "Unity.Burst", "Unity.Burst.csproj", "{1a73b8aa-b275-997b-51f4-9cdb24b2127e}"
EndProject
Project("{FAE04EC0-301F-11D3-BF4B-00C04F79EFBC}") = "Unity.VisualStudio.Editor", "Unity.VisualStudio.Editor.csproj", "{e0b5f337-02b8-92f0-b8f1-7a5fd275cd03}"
EndProject
Project("{FAE04EC0-301F-11D3-BF4B-00C04F79EFBC}") = "Unity.Rider.Editor", "Unity.Rider.Editor.csproj", "{69ef7bc0-22b0-4fc6-2982-fceb05aceb1c}"
EndProject
Project("{FAE04EC0-301F-11D3-BF4B-00C04F79EFBC}") = "Unity.VisualScripting.State.Editor", "Unity.VisualScripting.State.Editor.csproj", "{61758803-66f1-72f9-b187-0b0c9fe18906}"
EndProject
Project("{FAE04EC0-301F-11D3-BF4B-00C04F79EFBC}") = "Unity.Burst.CodeGen", "Unity.Burst.CodeGen.csproj", "{fc8d3927-e002-e001-6f3b-99842b4c9756}"
EndProject
Project("{FAE04EC0-301F-11D3-BF4B-00C04F79EFBC}") = "Unity.VisualScripting.State", "Unity.VisualScripting.State.csproj", "{3d68b92e-e69c-3338-5b87-d358023924cd}"
EndProject
Project("{FAE04EC0-301F-11D3-BF4B-00C04F79EFBC}") = "Unity.TextMeshPro", "Unity.TextMeshPro.csproj", "{3c6b33b8-3af4-b107-793a-5363dddde342}"
EndProject
Project("{FAE04EC0-301F-11D3-BF4B-00C04F79EFBC}") = "Unity.VSCode.Editor", "Unity.VSCode.Editor.csproj", "{fa078311-2629-19dc-b758-ed83c1ac095f}"
EndProject
Project("{FAE04EC0-301F-11D3-BF4B-00C04F79EFBC}") = "Unity.Burst.Editor", "Unity.Burst.Editor.csproj", "{50aa101d-983e-ff88-9dc7-ee73c0de96f7}"
EndProject
Project("{FAE04EC0-301F-11D3-BF4B-00C04F79EFBC}") = "Unity.Mathematics.Editor", "Unity.Mathematics.Editor.csproj", "{fa205711-bd54-13a8-14fa-93a5b6fc1fac}"
EndProject
Project("{FAE04EC0-301F-11D3-BF4B-00C04F79EFBC}") = "Assembly-CSharp-Editor", "Assembly-CSharp-Editor.csproj", "{8643c90e-8549-9b27-e550-baae594a24a5}"
EndProject
Project("{FAE04EC0-301F-11D3-BF4B-00C04F79EFBC}") = "Unity.VisualScripting.Shared.Editor", "Unity.VisualScripting.Shared.Editor.csproj", "{436e5fd0-87e7-7aef-32ce-a11686677858}"
EndProject
Project("{FAE04EC0-301F-11D3-BF4B-00C04F79EFBC}") = "Unity.CollabProxy.Editor", "Unity.CollabProxy.Editor.csproj", "{6f15d7da-1b10-ed99-29c0-1369665a64a1}"
EndProject
Project("{FAE04EC0-301F-11D3-BF4B-00C04F79EFBC}") = "Unity.Timeline", "Unity.Timeline.Player.csproj", "{eca4135b-1ff8-dffc-581f-5c349be64a0f}"
EndProject
Project("{FAE04EC0-301F-11D3-BF4B-00C04F79EFBC}") = "Unity.VisualScripting.Flow", "Unity.VisualScripting.Flow.Player.csproj", "{bd3268e0-cdc2-8d86-0f8a-928a48654b7f}"
EndProject
Project("{FAE04EC0-301F-11D3-BF4B-00C04F79EFBC}") = "Assembly-CSharp", "Assembly-CSharp.Player.csproj", "{559d42ed-29dc-405d-0f84-483b5fdfa373}"
EndProject
Project("{FAE04EC0-301F-11D3-BF4B-00C04F79EFBC}") = "Unity.VisualScripting.Core", "Unity.VisualScripting.Core.Player.csproj", "{995669fa-dcf2-7a77-0b13-94e22d3e418e}"
EndProject
Project("{FAE04EC0-301F-11D3-BF4B-00C04F79EFBC}") = "Unity.Mathematics", "Unity.Mathematics.Player.csproj", "{15767586-9d75-673b-3596-8c4e6696265e}"
EndProject
Project("{FAE04EC0-301F-11D3-BF4B-00C04F79EFBC}") = "UnityEngine.TestRunner", "UnityEngine.TestRunner.Player.csproj", "{915540ba-f248-a7b3-0e1f-9871a06e7edd}"
EndProject
Project("{FAE04EC0-301F-11D3-BF4B-00C04F79EFBC}") = "Unity.Burst", "Unity.Burst.Player.csproj", "{7cde5387-1755-dd5c-c717-7de250cbc991}"
EndProject
Project("{FAE04EC0-301F-11D3-BF4B-00C04F79EFBC}") = "Unity.VisualScripting.State", "Unity.VisualScripting.State.Player.csproj", "{bf70f6e9-9f39-d58d-3cca-749af195726c}"
EndProject
Project("{FAE04EC0-301F-11D3-BF4B-00C04F79EFBC}") = "Unity.TextMeshPro", "Unity.TextMeshPro.Player.csproj", "{a00374e6-86d2-9a0d-f9e0-0fb41dac589b}"
EndProject
Project("{FAE04EC0-301F-11D3-BF4B-00C04F79EFBC}") = "Unity.Mathematics.Tests", "Unity.Mathematics.Tests.csproj", "{d57a4ef5-6c52-e14b-025a-3016d6c80064}"
EndProject
Project("{FAE04EC0-301F-11D3-BF4B-00C04F79EFBC}") = "Unity.Burst.Tests.UnitTests", "Unity.Burst.Tests.UnitTests.csproj", "{5575a047-6d9e-fb16-287d-1bbc4c34222f}"
EndProject
Project("{FAE04EC0-301F-11D3-BF4B-00C04F79EFBC}") = "Unity.Searcher.EditorTests", "Unity.Searcher.EditorTests.csproj", "{97284715-5251-ec41-c19a-90dea7e19f40}"
EndProject
Project("{FAE04EC0-301F-11D3-BF4B-00C04F79EFBC}") = "Unity.Burst.Editor.Tests", "Unity.Burst.Editor.Tests.csproj", "{84b6639c-c3ac-9cad-8a6e-fb5b18aa7806}"
EndProject
Project("{FAE04EC0-301F-11D3-BF4B-00C04F79EFBC}") = "Unity.TextMeshPro.Editor.Tests", "Unity.TextMeshPro.Editor.Tests.csproj", "{549a68ba-b0f8-6d1f-4cfa-9f8056c2a755}"
EndProject
Project("{FAE04EC0-301F-11D3-BF4B-00C04F79EFBC}") = "DocCodeExamples", "DocCodeExamples.csproj", "{035a0a54-6528-6cc7-4de5-cfb22fcec0e9}"
EndProject
Project("{FAE04EC0-301F-11D3-BF4B-00C04F79EFBC}") = "Unity.TextMeshPro.Tests", "Unity.TextMeshPro.Tests.csproj", "{769e84d6-f1c2-d102-edbe-cdda6ae3ed95}"
EndProject
Project("{FAE04EC0-301F-11D3-BF4B-00C04F79EFBC}") = "SeparateAssembly", "SeparateAssembly.csproj", "{04a09378-560b-ae98-fd69-94a7c703d6b5}"
EndProject
Project("{FAE04EC0-301F-11D3-BF4B-00C04F79EFBC}") = "OverloadedFunctionPointers", "OverloadedFunctionPointers.csproj", "{84201f82-96e9-3e3b-b150-6e2c1d08f71e}"
EndProject
Global
	GlobalSection(SolutionConfigurationPlatforms) = preSolution
		Debug|Any CPU = Debug|Any CPU
	EndGlobalSection
	GlobalSection(ProjectConfigurationPlatforms) = postSolution
		{90e52091-6c09-3f46-481c-400467e977bc}.Debug|Any CPU.ActiveCfg = Debug|Any CPU
		{90e52091-6c09-3f46-481c-400467e977bc}.Debug|Any CPU.Build.0 = Debug|Any CPU
		{71ca8b05-83cd-4590-fa98-755947d002a3}.Debug|Any CPU.ActiveCfg = Debug|Any CPU
		{71ca8b05-83cd-4590-fa98-755947d002a3}.Debug|Any CPU.Build.0 = Debug|Any CPU
		{42ab35c9-fd5b-061c-83b4-8ae8f639155f}.Debug|Any CPU.ActiveCfg = Debug|Any CPU
		{42ab35c9-fd5b-061c-83b4-8ae8f639155f}.Debug|Any CPU.Build.0 = Debug|Any CPU
		{99db7c0f-b525-0edb-7e09-8d38dc065e4c}.Debug|Any CPU.ActiveCfg = Debug|Any CPU
		{99db7c0f-b525-0edb-7e09-8d38dc065e4c}.Debug|Any CPU.Build.0 = Debug|Any CPU
		{e837b03f-7732-f635-b7e4-bf995b09c07d}.Debug|Any CPU.ActiveCfg = Debug|Any CPU
		{e837b03f-7732-f635-b7e4-bf995b09c07d}.Debug|Any CPU.Build.0 = Debug|Any CPU
		{e6b8804e-8d08-5874-ae5c-0628248a05d6}.Debug|Any CPU.ActiveCfg = Debug|Any CPU
		{e6b8804e-8d08-5874-ae5c-0628248a05d6}.Debug|Any CPU.Build.0 = Debug|Any CPU
		{4ed4b4f0-d739-8a0b-7ed0-f42fdbf6316b}.Debug|Any CPU.ActiveCfg = Debug|Any CPU
		{4ed4b4f0-d739-8a0b-7ed0-f42fdbf6316b}.Debug|Any CPU.Build.0 = Debug|Any CPU
		{426b36c9-df70-3d9e-1a77-20f99379dee7}.Debug|Any CPU.ActiveCfg = Debug|Any CPU
		{426b36c9-df70-3d9e-1a77-20f99379dee7}.Debug|Any CPU.Build.0 = Debug|Any CPU
		{2b0cf589-a3f9-5bbb-af8b-47eabfaa8d5c}.Debug|Any CPU.ActiveCfg = Debug|Any CPU
		{2b0cf589-a3f9-5bbb-af8b-47eabfaa8d5c}.Debug|Any CPU.Build.0 = Debug|Any CPU
		{f37c8201-a590-eb67-dfa2-1632471025af}.Debug|Any CPU.ActiveCfg = Debug|Any CPU
		{f37c8201-a590-eb67-dfa2-1632471025af}.Debug|Any CPU.Build.0 = Debug|Any CPU
		{572569d5-1a4f-3279-28a0-ee6c5b62aa54}.Debug|Any CPU.ActiveCfg = Debug|Any CPU
		{572569d5-1a4f-3279-28a0-ee6c5b62aa54}.Debug|Any CPU.Build.0 = Debug|Any CPU
		{160a0a16-a7ab-3ec3-41d5-d018fa2b8467}.Debug|Any CPU.ActiveCfg = Debug|Any CPU
		{160a0a16-a7ab-3ec3-41d5-d018fa2b8467}.Debug|Any CPU.Build.0 = Debug|Any CPU
		{88a0e9b5-6571-4b6d-508a-af640b4d5409}.Debug|Any CPU.ActiveCfg = Debug|Any CPU
		{88a0e9b5-6571-4b6d-508a-af640b4d5409}.Debug|Any CPU.Build.0 = Debug|Any CPU
		{ea3b14c0-ccfe-be02-038e-e7fb3b92f47d}.Debug|Any CPU.ActiveCfg = Debug|Any CPU
		{ea3b14c0-ccfe-be02-038e-e7fb3b92f47d}.Debug|Any CPU.Build.0 = Debug|Any CPU
		{1a73b8aa-b275-997b-51f4-9cdb24b2127e}.Debug|Any CPU.ActiveCfg = Debug|Any CPU
		{1a73b8aa-b275-997b-51f4-9cdb24b2127e}.Debug|Any CPU.Build.0 = Debug|Any CPU
		{e0b5f337-02b8-92f0-b8f1-7a5fd275cd03}.Debug|Any CPU.ActiveCfg = Debug|Any CPU
		{e0b5f337-02b8-92f0-b8f1-7a5fd275cd03}.Debug|Any CPU.Build.0 = Debug|Any CPU
		{69ef7bc0-22b0-4fc6-2982-fceb05aceb1c}.Debug|Any CPU.ActiveCfg = Debug|Any CPU
		{69ef7bc0-22b0-4fc6-2982-fceb05aceb1c}.Debug|Any CPU.Build.0 = Debug|Any CPU
		{61758803-66f1-72f9-b187-0b0c9fe18906}.Debug|Any CPU.ActiveCfg = Debug|Any CPU
		{61758803-66f1-72f9-b187-0b0c9fe18906}.Debug|Any CPU.Build.0 = Debug|Any CPU
		{fc8d3927-e002-e001-6f3b-99842b4c9756}.Debug|Any CPU.ActiveCfg = Debug|Any CPU
		{fc8d3927-e002-e001-6f3b-99842b4c9756}.Debug|Any CPU.Build.0 = Debug|Any CPU
		{3d68b92e-e69c-3338-5b87-d358023924cd}.Debug|Any CPU.ActiveCfg = Debug|Any CPU
		{3d68b92e-e69c-3338-5b87-d358023924cd}.Debug|Any CPU.Build.0 = Debug|Any CPU
		{3c6b33b8-3af4-b107-793a-5363dddde342}.Debug|Any CPU.ActiveCfg = Debug|Any CPU
		{3c6b33b8-3af4-b107-793a-5363dddde342}.Debug|Any CPU.Build.0 = Debug|Any CPU
		{fa078311-2629-19dc-b758-ed83c1ac095f}.Debug|Any CPU.ActiveCfg = Debug|Any CPU
		{fa078311-2629-19dc-b758-ed83c1ac095f}.Debug|Any CPU.Build.0 = Debug|Any CPU
		{50aa101d-983e-ff88-9dc7-ee73c0de96f7}.Debug|Any CPU.ActiveCfg = Debug|Any CPU
		{50aa101d-983e-ff88-9dc7-ee73c0de96f7}.Debug|Any CPU.Build.0 = Debug|Any CPU
		{fa205711-bd54-13a8-14fa-93a5b6fc1fac}.Debug|Any CPU.ActiveCfg = Debug|Any CPU
		{fa205711-bd54-13a8-14fa-93a5b6fc1fac}.Debug|Any CPU.Build.0 = Debug|Any CPU
		{8643c90e-8549-9b27-e550-baae594a24a5}.Debug|Any CPU.ActiveCfg = Debug|Any CPU
		{8643c90e-8549-9b27-e550-baae594a24a5}.Debug|Any CPU.Build.0 = Debug|Any CPU
		{436e5fd0-87e7-7aef-32ce-a11686677858}.Debug|Any CPU.ActiveCfg = Debug|Any CPU
		{436e5fd0-87e7-7aef-32ce-a11686677858}.Debug|Any CPU.Build.0 = Debug|Any CPU
		{6f15d7da-1b10-ed99-29c0-1369665a64a1}.Debug|Any CPU.ActiveCfg = Debug|Any CPU
		{6f15d7da-1b10-ed99-29c0-1369665a64a1}.Debug|Any CPU.Build.0 = Debug|Any CPU
		{eca4135b-1ff8-dffc-581f-5c349be64a0f}.Debug|Any CPU.ActiveCfg = Debug|Any CPU
		{eca4135b-1ff8-dffc-581f-5c349be64a0f}.Debug|Any CPU.Build.0 = Debug|Any CPU
		{bd3268e0-cdc2-8d86-0f8a-928a48654b7f}.Debug|Any CPU.ActiveCfg = Debug|Any CPU
		{bd3268e0-cdc2-8d86-0f8a-928a48654b7f}.Debug|Any CPU.Build.0 = Debug|Any CPU
		{559d42ed-29dc-405d-0f84-483b5fdfa373}.Debug|Any CPU.ActiveCfg = Debug|Any CPU
		{559d42ed-29dc-405d-0f84-483b5fdfa373}.Debug|Any CPU.Build.0 = Debug|Any CPU
		{995669fa-dcf2-7a77-0b13-94e22d3e418e}.Debug|Any CPU.ActiveCfg = Debug|Any CPU
		{995669fa-dcf2-7a77-0b13-94e22d3e418e}.Debug|Any CPU.Build.0 = Debug|Any CPU
		{15767586-9d75-673b-3596-8c4e6696265e}.Debug|Any CPU.ActiveCfg = Debug|Any CPU
		{15767586-9d75-673b-3596-8c4e6696265e}.Debug|Any CPU.Build.0 = Debug|Any CPU
		{915540ba-f248-a7b3-0e1f-9871a06e7edd}.Debug|Any CPU.ActiveCfg = Debug|Any CPU
		{915540ba-f248-a7b3-0e1f-9871a06e7edd}.Debug|Any CPU.Build.0 = Debug|Any CPU
		{7cde5387-1755-dd5c-c717-7de250cbc991}.Debug|Any CPU.ActiveCfg = Debug|Any CPU
		{7cde5387-1755-dd5c-c717-7de250cbc991}.Debug|Any CPU.Build.0 = Debug|Any CPU
		{bf70f6e9-9f39-d58d-3cca-749af195726c}.Debug|Any CPU.ActiveCfg = Debug|Any CPU
		{bf70f6e9-9f39-d58d-3cca-749af195726c}.Debug|Any CPU.Build.0 = Debug|Any CPU
		{a00374e6-86d2-9a0d-f9e0-0fb41dac589b}.Debug|Any CPU.ActiveCfg = Debug|Any CPU
		{a00374e6-86d2-9a0d-f9e0-0fb41dac589b}.Debug|Any CPU.Build.0 = Debug|Any CPU
		{d57a4ef5-6c52-e14b-025a-3016d6c80064}.Debug|Any CPU.ActiveCfg = Debug|Any CPU
		{d57a4ef5-6c52-e14b-025a-3016d6c80064}.Debug|Any CPU.Build.0 = Debug|Any CPU
		{5575a047-6d9e-fb16-287d-1bbc4c34222f}.Debug|Any CPU.ActiveCfg = Debug|Any CPU
		{5575a047-6d9e-fb16-287d-1bbc4c34222f}.Debug|Any CPU.Build.0 = Debug|Any CPU
		{97284715-5251-ec41-c19a-90dea7e19f40}.Debug|Any CPU.ActiveCfg = Debug|Any CPU
		{97284715-5251-ec41-c19a-90dea7e19f40}.Debug|Any CPU.Build.0 = Debug|Any CPU
		{84b6639c-c3ac-9cad-8a6e-fb5b18aa7806}.Debug|Any CPU.ActiveCfg = Debug|Any CPU
		{84b6639c-c3ac-9cad-8a6e-fb5b18aa7806}.Debug|Any CPU.Build.0 = Debug|Any CPU
		{549a68ba-b0f8-6d1f-4cfa-9f8056c2a755}.Debug|Any CPU.ActiveCfg = Debug|Any CPU
		{549a68ba-b0f8-6d1f-4cfa-9f8056c2a755}.Debug|Any CPU.Build.0 = Debug|Any CPU
		{035a0a54-6528-6cc7-4de5-cfb22fcec0e9}.Debug|Any CPU.ActiveCfg = Debug|Any CPU
		{035a0a54-6528-6cc7-4de5-cfb22fcec0e9}.Debug|Any CPU.Build.0 = Debug|Any CPU
		{769e84d6-f1c2-d102-edbe-cdda6ae3ed95}.Debug|Any CPU.ActiveCfg = Debug|Any CPU
		{769e84d6-f1c2-d102-edbe-cdda6ae3ed95}.Debug|Any CPU.Build.0 = Debug|Any CPU
		{04a09378-560b-ae98-fd69-94a7c703d6b5}.Debug|Any CPU.ActiveCfg = Debug|Any CPU
		{04a09378-560b-ae98-fd69-94a7c703d6b5}.Debug|Any CPU.Build.0 = Debug|Any CPU
		{84201f82-96e9-3e3b-b150-6e2c1d08f71e}.Debug|Any CPU.ActiveCfg = Debug|Any CPU
		{84201f82-96e9-3e3b-b150-6e2c1d08f71e}.Debug|Any CPU.Build.0 = Debug|Any CPU
	EndGlobalSection
	GlobalSection(SolutionProperties) = preSolution
		HideSolutionNode = FALSE
	EndGlobalSection
EndGlobal
